
Microsoft Visual Studio Solution File, Format Version 12.00
# Visual Studio 15
VisualStudioVersion = 15.0.26124.0
MinimumVisualStudioVersion = 15.0.26124.0
Project("{FAE04EC0-301F-11D3-BF4B-00C04F79EFBC}") = "Utilidades.Domain", "Utilidades.Domain\Utilidades.Domain.csproj", "{732F86CD-6E2B-435F-93D3-7BAEE7AA7052}"
EndProject
Project("{FAE04EC0-301F-11D3-BF4B-00C04F79EFBC}") = "Utilidades.Infra", "Utilidades.Infra\Utilidades.Infra.csproj", "{FD3DFCB3-5E0A-4D54-B441-B4525E28557A}"
EndProject
Project("{FAE04EC0-301F-11D3-BF4B-00C04F79EFBC}") = "Utilidades.Service", "Utilidades.Service\Utilidades.Service.csproj", "{A2CDB092-C094-4D7B-849B-7A4D6A6D95A5}"
EndProject
Project("{FAE04EC0-301F-11D3-BF4B-00C04F79EFBC}") = "Utilidades.Web", "Utilidades.Web\Utilidades.Web.csproj", "{9C88F889-E4AD-4ED4-9268-A1777ED2AFAF}"
EndProject
Global
	GlobalSection(SolutionConfigurationPlatforms) = preSolution
		Debug|Any CPU = Debug|Any CPU
		Debug|x64 = Debug|x64
		Debug|x86 = Debug|x86
		Release|Any CPU = Release|Any CPU
		Release|x64 = Release|x64
		Release|x86 = Release|x86
	EndGlobalSection
	GlobalSection(SolutionProperties) = preSolution
		HideSolutionNode = FALSE
	EndGlobalSection
	GlobalSection(ProjectConfigurationPlatforms) = postSolution
		{732F86CD-6E2B-435F-93D3-7BAEE7AA7052}.Debug|Any CPU.ActiveCfg = Debug|Any CPU
		{732F86CD-6E2B-435F-93D3-7BAEE7AA7052}.Debug|Any CPU.Build.0 = Debug|Any CPU
		{732F86CD-6E2B-435F-93D3-7BAEE7AA7052}.Debug|x64.ActiveCfg = Debug|Any CPU
		{732F86CD-6E2B-435F-93D3-7BAEE7AA7052}.Debug|x64.Build.0 = Debug|Any CPU
		{732F86CD-6E2B-435F-93D3-7BAEE7AA7052}.Debug|x86.ActiveCfg = Debug|Any CPU
		{732F86CD-6E2B-435F-93D3-7BAEE7AA7052}.Debug|x86.Build.0 = Debug|Any CPU
		{732F86CD-6E2B-435F-93D3-7BAEE7AA7052}.Release|Any CPU.ActiveCfg = Release|Any CPU
		{732F86CD-6E2B-435F-93D3-7BAEE7AA7052}.Release|Any CPU.Build.0 = Release|Any CPU
		{732F86CD-6E2B-435F-93D3-7BAEE7AA7052}.Release|x64.ActiveCfg = Release|Any CPU
		{732F86CD-6E2B-435F-93D3-7BAEE7AA7052}.Release|x64.Build.0 = Release|Any CPU
		{732F86CD-6E2B-435F-93D3-7BAEE7AA7052}.Release|x86.ActiveCfg = Release|Any CPU
		{732F86CD-6E2B-435F-93D3-7BAEE7AA7052}.Release|x86.Build.0 = Release|Any CPU
		{FD3DFCB3-5E0A-4D54-B441-B4525E28557A}.Debug|Any CPU.ActiveCfg = Debug|Any CPU
		{FD3DFCB3-5E0A-4D54-B441-B4525E28557A}.Debug|Any CPU.Build.0 = Debug|Any CPU
		{FD3DFCB3-5E0A-4D54-B441-B4525E28557A}.Debug|x64.ActiveCfg = Debug|Any CPU
		{FD3DFCB3-5E0A-4D54-B441-B4525E28557A}.Debug|x64.Build.0 = Debug|Any CPU
		{FD3DFCB3-5E0A-4D54-B441-B4525E28557A}.Debug|x86.ActiveCfg = Debug|Any CPU
		{FD3DFCB3-5E0A-4D54-B441-B4525E28557A}.Debug|x86.Build.0 = Debug|Any CPU
		{FD3DFCB3-5E0A-4D54-B441-B4525E28557A}.Release|Any CPU.ActiveCfg = Release|Any CPU
		{FD3DFCB3-5E0A-4D54-B441-B4525E28557A}.Release|Any CPU.Build.0 = Release|Any CPU
		{FD3DFCB3-5E0A-4D54-B441-B4525E28557A}.Release|x64.ActiveCfg = Release|Any CPU
		{FD3DFCB3-5E0A-4D54-B441-B4525E28557A}.Release|x64.Build.0 = Release|Any CPU
		{FD3DFCB3-5E0A-4D54-B441-B4525E28557A}.Release|x86.ActiveCfg = Release|Any CPU
		{FD3DFCB3-5E0A-4D54-B441-B4525E28557A}.Release|x86.Build.0 = Release|Any CPU
		{A2CDB092-C094-4D7B-849B-7A4D6A6D95A5}.Debug|Any CPU.ActiveCfg = Debug|Any CPU
		{A2CDB092-C094-4D7B-849B-7A4D6A6D95A5}.Debug|Any CPU.Build.0 = Debug|Any CPU
		{A2CDB092-C094-4D7B-849B-7A4D6A6D95A5}.Debug|x64.ActiveCfg = Debug|Any CPU
		{A2CDB092-C094-4D7B-849B-7A4D6A6D95A5}.Debug|x64.Build.0 = Debug|Any CPU
		{A2CDB092-C094-4D7B-849B-7A4D6A6D95A5}.Debug|x86.ActiveCfg = Debug|Any CPU
		{A2CDB092-C094-4D7B-849B-7A4D6A6D95A5}.Debug|x86.Build.0 = Debug|Any CPU
		{A2CDB092-C094-4D7B-849B-7A4D6A6D95A5}.Release|Any CPU.ActiveCfg = Release|Any CPU
		{A2CDB092-C094-4D7B-849B-7A4D6A6D95A5}.Release|Any CPU.Build.0 = Release|Any CPU
		{A2CDB092-C094-4D7B-849B-7A4D6A6D95A5}.Release|x64.ActiveCfg = Release|Any CPU
		{A2CDB092-C094-4D7B-849B-7A4D6A6D95A5}.Release|x64.Build.0 = Release|Any CPU
		{A2CDB092-C094-4D7B-849B-7A4D6A6D95A5}.Release|x86.ActiveCfg = Release|Any CPU
		{A2CDB092-C094-4D7B-849B-7A4D6A6D95A5}.Release|x86.Build.0 = Release|Any CPU
		{9C88F889-E4AD-4ED4-9268-A1777ED2AFAF}.Debug|Any CPU.ActiveCfg = Debug|Any CPU
		{9C88F889-E4AD-4ED4-9268-A1777ED2AFAF}.Debug|Any CPU.Build.0 = Debug|Any CPU
		{9C88F889-E4AD-4ED4-9268-A1777ED2AFAF}.Debug|x64.ActiveCfg = Debug|Any CPU
		{9C88F889-E4AD-4ED4-9268-A1777ED2AFAF}.Debug|x64.Build.0 = Debug|Any CPU
		{9C88F889-E4AD-4ED4-9268-A1777ED2AFAF}.Debug|x86.ActiveCfg = Debug|Any CPU
		{9C88F889-E4AD-4ED4-9268-A1777ED2AFAF}.Debug|x86.Build.0 = Debug|Any CPU
		{9C88F889-E4AD-4ED4-9268-A1777ED2AFAF}.Release|Any CPU.ActiveCfg = Release|Any CPU
		{9C88F889-E4AD-4ED4-9268-A1777ED2AFAF}.Release|Any CPU.Build.0 = Release|Any CPU
		{9C88F889-E4AD-4ED4-9268-A1777ED2AFAF}.Release|x64.ActiveCfg = Release|Any CPU
		{9C88F889-E4AD-4ED4-9268-A1777ED2AFAF}.Release|x64.Build.0 = Release|Any CPU
		{9C88F889-E4AD-4ED4-9268-A1777ED2AFAF}.Release|x86.ActiveCfg = Release|Any CPU
		{9C88F889-E4AD-4ED4-9268-A1777ED2AFAF}.Release|x86.Build.0 = Release|Any CPU
	EndGlobalSection
EndGlobal
